Microsoft Visual Studio Solution File, Format Version 12.00
# Visual Studio Version 17
VisualStudioVersion = 17.8.34330.188
MinimumVisualStudioVersion = 10.0.40219.1
Project("{FAE04EC0-301F-11D3-BF4B-00C04F79EFBC}") = "AntlrPredictionMode", "src/AntlrPredictionMode/AntlrPredictionMode.csproj", "{3E2C9AEC-6318-4E0E-A173-C7FFEF6B4B4A}"
EndProject
Project("{FAE04EC0-301F-11D3-BF4B-00C04F79EFBC}") = "AntlrPredictionMode.Tests", "tests/AntlrPredictionMode.Tests/AntlrPredictionMode.Tests.csproj", "{2D78C783-58F0-4A18-8B6B-D34F84DD670C}"
EndProject
Global
	GlobalSection(SolutionConfigurationPlatforms) = preSolution
		Debug|Any CPU = Debug|Any CPU
		Release|Any CPU = Release|Any CPU
	EndGlobalSection
	GlobalSection(ProjectConfigurationPlatforms) = postSolution
		{3E2C9AEC-6318-4E0E-A173-C7FFEF6B4B4A}.Debug|Any CPU.ActiveCfg = Debug|Any CPU
		{3E2C9AEC-6318-4E0E-A173-C7FFEF6B4B4A}.Debug|Any CPU.Build.0 = Debug|Any CPU
		{3E2C9AEC-6318-4E0E-A173-C7FFEF6B4B4A}.Release|Any CPU.ActiveCfg = Release|Any CPU
		{3E2C9AEC-6318-4E0E-A173-C7FFEF6B4B4A}.Release|Any CPU.Build.0 = Release|Any CPU
		{2D78C783-58F0-4A18-8B6B-D34F84DD670C}.Debug|Any CPU.ActiveCfg = Debug|Any CPU
		{2D78C783-58F0-4A18-8B6B-D34F84DD670C}.Debug|Any CPU.Build.0 = Debug|Any CPU
		{2D78C783-58F0-4A18-8B6B-D34F84DD670C}.Release|Any CPU.ActiveCfg = Release|Any CPU
		{2D78C783-58F0-4A18-8B6B-D34F84DD670C}.Release|Any CPU.Build.0 = Release|Any CPU
	EndGlobalSection
EndGlobal
